// !$*UTF8*$!
{
	archiveVersion = 1;
	classes = {
	};
	objectVersion = 56;
	objects = {

/* Begin PBXBuildFile section */
		442F13E6E7E592B62C0B03F2 /* Pods_museum_classification_museum_classificationUITests.framework in Frameworks */ = {isa = PBXBuildFile; fileRef = 6D01A866D9E8348CBC8D19A6 /* Pods_museum_classification_museum_classificationUITests.framework */; };
		AA57784418BD569B849FCA22 /* Pods_museum_classification.framework in Frameworks */ = {isa = PBXBuildFile; fileRef = 53E6D195DC4C07078EC8437F /* Pods_museum_classification.framework */; };
		BE2132442CA85870000530CD /* epoch300_float32.tflite in Resources */ = {isa = PBXBuildFile; fileRef = BE2132432CA85870000530CD /* epoch300_float32.tflite */; };
		BE2132452CA85870000530CD /* epoch300_float32.tflite in Resources */ = {isa = PBXBuildFile; fileRef = BE2132432CA85870000530CD /* epoch300_float32.tflite */; };
		BE2132462CA85870000530CD /* epoch300_float32.tflite in Resources */ = {isa = PBXBuildFile; fileRef = BE2132432CA85870000530CD /* epoch300_float32.tflite */; };
		BE6DEF402CAD903A00E64DB8 /* no_reflex2000_float32.tflite in Resources */ = {isa = PBXBuildFile; fileRef = BE6DEF3F2CAD903A00E64DB8 /* no_reflex2000_float32.tflite */; };
		BE6DEF412CAD903A00E64DB8 /* no_reflex2000_float32.tflite in Resources */ = {isa = PBXBuildFile; fileRef = BE6DEF3F2CAD903A00E64DB8 /* no_reflex2000_float32.tflite */; };
		BE6DEF422CAD903A00E64DB8 /* no_reflex2000_float32.tflite in Resources */ = {isa = PBXBuildFile; fileRef = BE6DEF3F2CAD903A00E64DB8 /* no_reflex2000_float32.tflite */; };
		BE84E05F2CB2E0D7000FA04C /* museum_logo.png in Resources */ = {isa = PBXBuildFile; fileRef = BE84E05E2CB2E0D7000FA04C /* museum_logo.png */; };
		BE84E0602CB2E0D7000FA04C /* museum_logo.png in Resources */ = {isa = PBXBuildFile; fileRef = BE84E05E2CB2E0D7000FA04C /* museum_logo.png */; };
		BE84E0612CB2E0D7000FA04C /* museum_logo.png in Resources */ = {isa = PBXBuildFile; fileRef = BE84E05E2CB2E0D7000FA04C /* museum_logo.png */; };
		BEC771842C9B41F900758AB2 /* ViewController.swift in Sources */ = {isa = PBXBuildFile; fileRef = BEC771832C9B41F900758AB2 /* ViewController.swift */; };
		BEC771852C9B41F900758AB2 /* ViewController.swift in Sources */ = {isa = PBXBuildFile; fileRef = BEC771832C9B41F900758AB2 /* ViewController.swift */; };
		BEC771862C9B41F900758AB2 /* ViewController.swift in Sources */ = {isa = PBXBuildFile; fileRef = BEC771832C9B41F900758AB2 /* ViewController.swift */; };
		BEC771882C9B420300758AB2 /* CameraController.swift in Sources */ = {isa = PBXBuildFile; fileRef = BEC771872C9B420300758AB2 /* CameraController.swift */; };
		BEC771892C9B420300758AB2 /* CameraController.swift in Sources */ = {isa = PBXBuildFile; fileRef = BEC771872C9B420300758AB2 /* CameraController.swift */; };
		BEC7718A2C9B420300758AB2 /* CameraController.swift in Sources */ = {isa = PBXBuildFile; fileRef = BEC771872C9B420300758AB2 /* CameraController.swift */; };
		BEC7B1EB2C83790800A8F9DD /* museum_classificationApp.swift in Sources */ = {isa = PBXBuildFile; fileRef = BEC7B1EA2C83790800A8F9DD /* museum_classificationApp.swift */; };
		BEC7B1ED2C83790800A8F9DD /* ContentView.swift in Sources */ = {isa = PBXBuildFile; fileRef = BEC7B1EC2C83790800A8F9DD /* ContentView.swift */; };
		BEC7B1F22C83790900A8F9DD /* Preview Assets.xcassets in Resources */ = {isa = PBXBuildFile; fileRef = BEC7B1F12C83790900A8F9DD /* Preview Assets.xcassets */; };
		BEC7B1FC2C83790900A8F9DD /* museum_classificationTests.swift in Sources */ = {isa = PBXBuildFile; fileRef = BEC7B1FB2C83790900A8F9DD /* museum_classificationTests.swift */; };
		BEC7B2062C83790900A8F9DD /* museum_classificationUITests.swift in Sources */ = {isa = PBXBuildFile; fileRef = BEC7B2052C83790900A8F9DD /* museum_classificationUITests.swift */; };
		BEC7B2082C83790900A8F9DD /* museum_classificationUITestsLaunchTests.swift in Sources */ = {isa = PBXBuildFile; fileRef = BEC7B2072C83790900A8F9DD /* museum_classificationUITestsLaunchTests.swift */; };
		BEDAD3F52C8F66D700111A1A /* CameraViewModel.swift in Sources */ = {isa = PBXBuildFile; fileRef = BEDAD3F42C8F66D700111A1A /* CameraViewModel.swift */; };
		BEDAD3F62C8F66D700111A1A /* CameraViewModel.swift in Sources */ = {isa = PBXBuildFile; fileRef = BEDAD3F42C8F66D700111A1A /* CameraViewModel.swift */; };
		BEDAD3F72C8F66D700111A1A /* CameraViewModel.swift in Sources */ = {isa = PBXBuildFile; fileRef = BEDAD3F42C8F66D700111A1A /* CameraViewModel.swift */; };
		BEDAD3F92C8F670000111A1A /* ImagePicker.swift in Sources */ = {isa = PBXBuildFile; fileRef = BEDAD3F82C8F670000111A1A /* ImagePicker.swift */; };
		BEDAD3FA2C8F670000111A1A /* ImagePicker.swift in Sources */ = {isa = PBXBuildFile; fileRef = BEDAD3F82C8F670000111A1A /* ImagePicker.swift */; };
		BEDAD3FB2C8F670000111A1A /* ImagePicker.swift in Sources */ = {isa = PBXBuildFile; fileRef = BEDAD3F82C8F670000111A1A /* ImagePicker.swift */; };
		BEDAD4022C90B1A000111A1A /* aigo_model_v1.tflite in Resources */ = {isa = PBXBuildFile; fileRef = BEDAD4012C90B1A000111A1A /* aigo_model_v1.tflite */; };
		BEDAD4032C90B1A000111A1A /* aigo_model_v1.tflite in Resources */ = {isa = PBXBuildFile; fileRef = BEDAD4012C90B1A000111A1A /* aigo_model_v1.tflite */; };
		BEDAD4042C90B1A000111A1A /* aigo_model_v1.tflite in Resources */ = {isa = PBXBuildFile; fileRef = BEDAD4012C90B1A000111A1A /* aigo_model_v1.tflite */; };
		BEDAD4122C91FBB800111A1A /* Assets.xcassets in Resources */ = {isa = PBXBuildFile; fileRef = BEDAD4112C91FBB800111A1A /* Assets.xcassets */; };
		BEDAD4132C91FBB800111A1A /* Assets.xcassets in Resources */ = {isa = PBXBuildFile; fileRef = BEDAD4112C91FBB800111A1A /* Assets.xcassets */; };
		BEDAD4142C91FBB800111A1A /* Assets.xcassets in Resources */ = {isa = PBXBuildFile; fileRef = BEDAD4112C91FBB800111A1A /* Assets.xcassets */; };
		BEDAD4172C91FC0200111A1A /* Main.storyboard in Resources */ = {isa = PBXBuildFile; fileRef = BEDAD4152C91FC0200111A1A /* Main.storyboard */; };
		BEDAD4182C91FC0200111A1A /* Main.storyboard in Resources */ = {isa = PBXBuildFile; fileRef = BEDAD4152C91FC0200111A1A /* Main.storyboard */; };
		BEDAD4192C91FC0200111A1A /* Main.storyboard in Resources */ = {isa = PBXBuildFile; fileRef = BEDAD4152C91FC0200111A1A /* Main.storyboard */; };
		BFC3DB56A43C529A9ED94A39 /* Pods_museum_classificationTests.framework in Frameworks */ = {isa = PBXBuildFile; fileRef = 5AAF7F3964F29A2C3C2955C8 /* Pods_museum_classificationTests.framework */; };
/* End PBXBuildFile section */

/* Begin PBXContainerItemProxy section */
		BEC7B1F82C83790900A8F9DD /* PBXContainerItemProxy */ = {
			isa = PBXContainerItemProxy;
			containerPortal = BEC7B1DF2C83790800A8F9DD /* Project object */;
			proxyType = 1;
			remoteGlobalIDString = BEC7B1E62C83790800A8F9DD;
			remoteInfo = museum_classification;
		};
		BEC7B2022C83790900A8F9DD /* PBXContainerItemProxy */ = {
			isa = PBXContainerItemProxy;
			containerPortal = BEC7B1DF2C83790800A8F9DD /* Project object */;
			proxyType = 1;
			remoteGlobalIDString = BEC7B1E62C83790800A8F9DD;
			remoteInfo = museum_classification;
		};
/* End PBXContainerItemProxy section */

/* Begin PBXFileReference section */
		3D3E2F18D4457DCBF14E2ACD /* Pods-museum_classificationTests.release.xcconfig */ = {isa = PBXFileReference; includeInIndex = 1; lastKnownFileType = text.xcconfig; name = "Pods-museum_classificationTests.release.xcconfig"; path = "Target Support Files/Pods-museum_classificationTests/Pods-museum_classificationTests.release.xcconfig"; sourceTree = "<group>"; };
		53E6D195DC4C07078EC8437F /* Pods_museum_classification.framework */ = {isa = PBXFileReference; explicitFileType = wrapper.framework; includeInIndex = 0; path = Pods_museum_classification.framework; sourceTree = BUILT_PRODUCTS_DIR; };
		5AAF7F3964F29A2C3C2955C8 /* Pods_museum_classificationTests.framework */ = {isa = PBXFileReference; explicitFileType = wrapper.framework; includeInIndex = 0; path = Pods_museum_classificationTests.framework; sourceTree = BUILT_PRODUCTS_DIR; };
		6D01A866D9E8348CBC8D19A6 /* Pods_museum_classification_museum_classificationUITests.framework */ = {isa = PBXFileReference; explicitFileType = wrapper.framework; includeInIndex = 0; path = Pods_museum_classification_museum_classificationUITests.framework; sourceTree = BUILT_PRODUCTS_DIR; };
		7E4E91DCD7C5185239CA27D9 /* Pods-museum_classification.debug.xcconfig */ = {isa = PBXFileReference; includeInIndex = 1; lastKnownFileType = text.xcconfig; name = "Pods-museum_classification.debug.xcconfig"; path = "Target Support Files/Pods-museum_classification/Pods-museum_classification.debug.xcconfig"; sourceTree = "<group>"; };
		8D2469CB056F4E594BA671C0 /* Pods-museum_classification-museum_classificationUITests.release.xcconfig */ = {isa = PBXFileReference; includeInIndex = 1; lastKnownFileType = text.xcconfig; name = "Pods-museum_classification-museum_classificationUITests.release.xcconfig"; path = "Target Support Files/Pods-museum_classification-museum_classificationUITests/Pods-museum_classification-museum_classificationUITests.release.xcconfig"; sourceTree = "<group>"; };
		B26AA08603DBF60576A69034 /* Pods-museum_classificationTests.debug.xcconfig */ = {isa = PBXFileReference; includeInIndex = 1; lastKnownFileType = text.xcconfig; name = "Pods-museum_classificationTests.debug.xcconfig"; path = "Target Support Files/Pods-museum_classificationTests/Pods-museum_classificationTests.debug.xcconfig"; sourceTree = "<group>"; };
		BE2132432CA85870000530CD /* epoch300_float32.tflite */ = {isa = PBXFileReference; lastKnownFileType = file; path = epoch300_float32.tflite; sourceTree = "<group>"; };
		BE6DEF3F2CAD903A00E64DB8 /* no_reflex2000_float32.tflite */ = {isa = PBXFileReference; lastKnownFileType = file; path = no_reflex2000_float32.tflite; sourceTree = "<group>"; };
		BE7038BC26E90AC60C992A25 /* Pods-museum_classification.release.xcconfig */ = {isa = PBXFileReference; includeInIndex = 1; lastKnownFileType = text.xcconfig; name = "Pods-museum_classification.release.xcconfig"; path = "Target Support Files/Pods-museum_classification/Pods-museum_classification.release.xcconfig"; sourceTree = "<group>"; };
		BE84E05E2CB2E0D7000FA04C /* museum_logo.png */ = {isa = PBXFileReference; lastKnownFileType = image.png; path = museum_logo.png; sourceTree = "<group>"; };
		BEC771832C9B41F900758AB2 /* ViewController.swift */ = {isa = PBXFileReference; lastKnownFileType = sourcecode.swift; path = ViewController.swift; sourceTree = "<group>"; };
		BEC771872C9B420300758AB2 /* CameraController.swift */ = {isa = PBXFileReference; lastKnownFileType = sourcecode.swift; path = CameraController.swift; sourceTree = "<group>"; };
		BEC7B1E72C83790800A8F9DD /* museum_classification.app */ = {isa = PBXFileReference; explicitFileType = wrapper.application; includeInIndex = 0; path = museum_classification.app; sourceTree = BUILT_PRODUCTS_DIR; };
		BEC7B1EA2C83790800A8F9DD /* museum_classificationApp.swift */ = {isa = PBXFileReference; lastKnownFileType = sourcecode.swift; path = museum_classificationApp.swift; sourceTree = "<group>"; };
		BEC7B1EC2C83790800A8F9DD /* ContentView.swift */ = {isa = PBXFileReference; lastKnownFileType = sourcecode.swift; path = ContentView.swift; sourceTree = "<group>"; };
		BEC7B1F12C83790900A8F9DD /* Preview Assets.xcassets */ = {isa = PBXFileReference; lastKnownFileType = folder.assetcatalog; path = "Preview Assets.xcassets"; sourceTree = "<group>"; };
		BEC7B1F72C83790900A8F9DD /* museum_classificationTests.xctest */ = {isa = PBXFileReference; explicitFileType = wrapper.cfbundle; includeInIndex = 0; path = museum_classificationTests.xctest; sourceTree = BUILT_PRODUCTS_DIR; };
		BEC7B1FB2C83790900A8F9DD /* museum_classificationTests.swift */ = {isa = PBXFileReference; lastKnownFileType = sourcecode.swift; path = museum_classificationTests.swift; sourceTree = "<group>"; };
		BEC7B2012C83790900A8F9DD /* museum_classificationUITests.xctest */ = {isa = PBXFileReference; explicitFileType = wrapper.cfbundle; includeInIndex = 0; path = museum_classificationUITests.xctest; sourceTree = BUILT_PRODUCTS_DIR; };
		BEC7B2052C83790900A8F9DD /* museum_classificationUITests.swift */ = {isa = PBXFileReference; lastKnownFileType = sourcecode.swift; path = museum_classificationUITests.swift; sourceTree = "<group>"; };
		BEC7B2072C83790900A8F9DD /* museum_classificationUITestsLaunchTests.swift */ = {isa = PBXFileReference; lastKnownFileType = sourcecode.swift; path = museum_classificationUITestsLaunchTests.swift; sourceTree = "<group>"; };
		BEDAD3F42C8F66D700111A1A /* CameraViewModel.swift */ = {isa = PBXFileReference; lastKnownFileType = sourcecode.swift; path = CameraViewModel.swift; sourceTree = "<group>"; };
		BEDAD3F82C8F670000111A1A /* ImagePicker.swift */ = {isa = PBXFileReference; lastKnownFileType = sourcecode.swift; path = ImagePicker.swift; sourceTree = "<group>"; };
		BEDAD4012C90B1A000111A1A /* aigo_model_v1.tflite */ = {isa = PBXFileReference; lastKnownFileType = file; path = aigo_model_v1.tflite; sourceTree = "<group>"; };
		BEDAD4112C91FBB800111A1A /* Assets.xcassets */ = {isa = PBXFileReference; lastKnownFileType = folder.assetcatalog; name = Assets.xcassets; path = "../../../../../Desktop/xcode/CameraDemoStarter/AV Foundation/Assets.xcassets"; sourceTree = "<group>"; };
		BEDAD4162C91FC0200111A1A /* Base */ = {isa = PBXFileReference; lastKnownFileType = file.storyboard; name = Base; path = "../../../../../Desktop/xcode/CameraDemoStarter/AV Foundation/Base.lproj/Main.storyboard"; sourceTree = "<group>"; };
		C9F78988FE1AA52D0AEC72E2 /* Pods-museum_classification-museum_classificationUITests.debug.xcconfig */ = {isa = PBXFileReference; includeInIndex = 1; lastKnownFileType = text.xcconfig; name = "Pods-museum_classification-museum_classificationUITests.debug.xcconfig"; path = "Target Support Files/Pods-museum_classification-museum_classificationUITests/Pods-museum_classification-museum_classificationUITests.debug.xcconfig"; sourceTree = "<group>"; };
/* End PBXFileReference section */

/* Begin PBXFrameworksBuildPhase section */
		BEC7B1E42C83790800A8F9DD /* Frameworks */ = {
			isa = PBXFrameworksBuildPhase;
			buildActionMask = 2147483647;
			files = (
				AA57784418BD569B849FCA22 /* Pods_museum_classification.framework in Frameworks */,
			);
			runOnlyForDeploymentPostprocessing = 0;
		};
		BEC7B1F42C83790900A8F9DD /* Frameworks */ = {
			isa = PBXFrameworksBuildPhase;
			buildActionMask = 2147483647;
			files = (
				BFC3DB56A43C529A9ED94A39 /* Pods_museum_classificationTests.framework in Frameworks */,
			);
			runOnlyForDeploymentPostprocessing = 0;
		};
		BEC7B1FE2C83790900A8F9DD /* Frameworks */ = {
			isa = PBXFrameworksBuildPhase;
			buildActionMask = 2147483647;
			files = (
				442F13E6E7E592B62C0B03F2 /* Pods_museum_classification_museum_classificationUITests.framework in Frameworks */,
			);
			runOnlyForDeploymentPostprocessing = 0;
		};
/* End PBXFrameworksBuildPhase section */

/* Begin PBXGroup section */
		87EE5CB3620D25C0B7040950 /* Pods */ = {
			isa = PBXGroup;
			children = (
				7E4E91DCD7C5185239CA27D9 /* Pods-museum_classification.debug.xcconfig */,
				BE7038BC26E90AC60C992A25 /* Pods-museum_classification.release.xcconfig */,
				C9F78988FE1AA52D0AEC72E2 /* Pods-museum_classification-museum_classificationUITests.debug.xcconfig */,
				8D2469CB056F4E594BA671C0 /* Pods-museum_classification-museum_classificationUITests.release.xcconfig */,
				B26AA08603DBF60576A69034 /* Pods-museum_classificationTests.debug.xcconfig */,
				3D3E2F18D4457DCBF14E2ACD /* Pods-museum_classificationTests.release.xcconfig */,
			);
			path = Pods;
			sourceTree = "<group>";
		};
		BEC7B1DE2C83790800A8F9DD = {
			isa = PBXGroup;
			children = (
				BEDAD3FC2C8F678600111A1A /* Resources */,
				BEC7B1E92C83790800A8F9DD /* museum_classification */,
				BEC7B1FA2C83790900A8F9DD /* museum_classificationTests */,
				BEC7B2042C83790900A8F9DD /* museum_classificationUITests */,
				BEC7B1E82C83790800A8F9DD /* Products */,
				87EE5CB3620D25C0B7040950 /* Pods */,
				DA2789EE1AC3D1E1E0A1852E /* Frameworks */,
			);
			sourceTree = "<group>";
		};
		BEC7B1E82C83790800A8F9DD /* Products */ = {
			isa = PBXGroup;
			children = (
				BEC7B1E72C83790800A8F9DD /* museum_classification.app */,
				BEC7B1F72C83790900A8F9DD /* museum_classificationTests.xctest */,
				BEC7B2012C83790900A8F9DD /* museum_classificationUITests.xctest */,
			);
			name = Products;
			sourceTree = "<group>";
		};
		BEC7B1E92C83790800A8F9DD /* museum_classification */ = {
			isa = PBXGroup;
			children = (
				BEC771872C9B420300758AB2 /* CameraController.swift */,
				BEC771832C9B41F900758AB2 /* ViewController.swift */,
				BEDAD4152C91FC0200111A1A /* Main.storyboard */,
				BEDAD4112C91FBB800111A1A /* Assets.xcassets */,
				BEC7B1EA2C83790800A8F9DD /* museum_classificationApp.swift */,
				BEC7B1EC2C83790800A8F9DD /* ContentView.swift */,
				BEDAD3F42C8F66D700111A1A /* CameraViewModel.swift */,
				BEDAD3F82C8F670000111A1A /* ImagePicker.swift */,
				BEC7B1F02C83790900A8F9DD /* Preview Content */,
			);
			path = museum_classification;
			sourceTree = "<group>";
		};
		BEC7B1F02C83790900A8F9DD /* Preview Content */ = {
			isa = PBXGroup;
			children = (
				BEC7B1F12C83790900A8F9DD /* Preview Assets.xcassets */,
			);
			path = "Preview Content";
			sourceTree = "<group>";
		};
		BEC7B1FA2C83790900A8F9DD /* museum_classificationTests */ = {
			isa = PBXGroup;
			children = (
				BEC7B1FB2C83790900A8F9DD /* museum_classificationTests.swift */,
			);
			path = museum_classificationTests;
			sourceTree = "<group>";
		};
		BEC7B2042C83790900A8F9DD /* museum_classificationUITests */ = {
			isa = PBXGroup;
			children = (
				BEC7B2052C83790900A8F9DD /* museum_classificationUITests.swift */,
				BEC7B2072C83790900A8F9DD /* museum_classificationUITestsLaunchTests.swift */,
			);
			path = museum_classificationUITests;
			sourceTree = "<group>";
		};
		BEDAD3FC2C8F678600111A1A /* Resources */ = {
			isa = PBXGroup;
			children = (
				BE84E05E2CB2E0D7000FA04C /* museum_logo.png */,
				BEDAD4012C90B1A000111A1A /* aigo_model_v1.tflite */,
				BE2132432CA85870000530CD /* epoch300_float32.tflite */,
				BE6DEF3F2CAD903A00E64DB8 /* no_reflex2000_float32.tflite */,
			);
			path = Resources;
			sourceTree = "<group>";
		};
		DA2789EE1AC3D1E1E0A1852E /* Frameworks */ = {
			isa = PBXGroup;
			children = (
				53E6D195DC4C07078EC8437F /* Pods_museum_classification.framework */,
				6D01A866D9E8348CBC8D19A6 /* Pods_museum_classification_museum_classificationUITests.framework */,
				5AAF7F3964F29A2C3C2955C8 /* Pods_museum_classificationTests.framework */,
			);
			name = Frameworks;
			sourceTree = "<group>";
		};
/* End PBXGroup section */

/* Begin PBXNativeTarget section */
		BEC7B1E62C83790800A8F9DD /* museum_classification */ = {
			isa = PBXNativeTarget;
			buildConfigurationList = BEC7B20B2C83790900A8F9DD /* Build configuration list for PBXNativeTarget "museum_classification" */;
			buildPhases = (
				C61F3AA7ED445B7D72C06966 /* [CP] Check Pods Manifest.lock */,
				BEC7B1E32C83790800A8F9DD /* Sources */,
				BEC7B1E42C83790800A8F9DD /* Frameworks */,
				BEC7B1E52C83790800A8F9DD /* Resources */,
				8FFB11EAC4F8D5F8606B1B4B /* [CP] Copy Pods Resources */,
			);
			buildRules = (
			);
			dependencies = (
			);
			name = museum_classification;
			productName = museum_classification;
			productReference = BEC7B1E72C83790800A8F9DD /* museum_classification.app */;
			productType = "com.apple.product-type.application";
		};
		BEC7B1F62C83790900A8F9DD /* museum_classificationTests */ = {
			isa = PBXNativeTarget;
			buildConfigurationList = BEC7B20E2C83790900A8F9DD /* Build configuration list for PBXNativeTarget "museum_classificationTests" */;
			buildPhases = (
				33A1C7D8680D5D0E75B9AF54 /* [CP] Check Pods Manifest.lock */,
				BEC7B1F32C83790900A8F9DD /* Sources */,
				BEC7B1F42C83790900A8F9DD /* Frameworks */,
				BEC7B1F52C83790900A8F9DD /* Resources */,
			);
			buildRules = (
			);
			dependencies = (
				BEC7B1F92C83790900A8F9DD /* PBXTargetDependency */,
			);
			name = museum_classificationTests;
			productName = museum_classificationTests;
			productReference = BEC7B1F72C83790900A8F9DD /* museum_classificationTests.xctest */;
			productType = "com.apple.product-type.bundle.unit-test";
		};
		BEC7B2002C83790900A8F9DD /* museum_classificationUITests */ = {
			isa = PBXNativeTarget;
			buildConfigurationList = BEC7B2112C83790900A8F9DD /* Build configuration list for PBXNativeTarget "museum_classificationUITests" */;
			buildPhases = (
				7811ADDD3360F03BFE239F27 /* [CP] Check Pods Manifest.lock */,
				BEC7B1FD2C83790900A8F9DD /* Sources */,
				BEC7B1FE2C83790900A8F9DD /* Frameworks */,
				BEC7B1FF2C83790900A8F9DD /* Resources */,
				2AFAB2B883D450D7ACF4712A /* [CP] Copy Pods Resources */,
			);
			buildRules = (
			);
			dependencies = (
				BEC7B2032C83790900A8F9DD /* PBXTargetDependency */,
			);
			name = museum_classificationUITests;
			productName = museum_classificationUITests;
			productReference = BEC7B2012C83790900A8F9DD /* museum_classificationUITests.xctest */;
			productType = "com.apple.product-type.bundle.ui-testing";
		};
/* End PBXNativeTarget section */

/* Begin PBXProject section */
		BEC7B1DF2C83790800A8F9DD /* Project object */ = {
			isa = PBXProject;
			attributes = {
				BuildIndependentTargetsInParallel = 1;
				LastSwiftUpdateCheck = 1540;
				LastUpgradeCheck = 1600;
				TargetAttributes = {
					BEC7B1E62C83790800A8F9DD = {
						CreatedOnToolsVersion = 15.4;
					};
					BEC7B1F62C83790900A8F9DD = {
						CreatedOnToolsVersion = 15.4;
						TestTargetID = BEC7B1E62C83790800A8F9DD;
					};
					BEC7B2002C83790900A8F9DD = {
						CreatedOnToolsVersion = 15.4;
						TestTargetID = BEC7B1E62C83790800A8F9DD;
					};
				};
			};
			buildConfigurationList = BEC7B1E22C83790800A8F9DD /* Build configuration list for PBXProject "museum_classification" */;
			compatibilityVersion = "Xcode 14.0";
			developmentRegion = en;
			hasScannedForEncodings = 0;
			knownRegions = (
				en,
				Base,
			);
			mainGroup = BEC7B1DE2C83790800A8F9DD;
			productRefGroup = BEC7B1E82C83790800A8F9DD /* Products */;
			projectDirPath = "";
			projectRoot = "";
			targets = (
				BEC7B1E62C83790800A8F9DD /* museum_classification */,
				BEC7B1F62C83790900A8F9DD /* museum_classificationTests */,
				BEC7B2002C83790900A8F9DD /* museum_classificationUITests */,
			);
		};
/* End PBXProject section */

/* Begin PBXResourcesBuildPhase section */
		BEC7B1E52C83790800A8F9DD /* Resources */ = {
			isa = PBXResourcesBuildPhase;
			buildActionMask = 2147483647;
			files = (
				BE2132462CA85870000530CD /* epoch300_float32.tflite in Resources */,
				BE84E0612CB2E0D7000FA04C /* museum_logo.png in Resources */,
				BEDAD4022C90B1A000111A1A /* aigo_model_v1.tflite in Resources */,
				BEC7B1F22C83790900A8F9DD /* Preview Assets.xcassets in Resources */,
				BEDAD4122C91FBB800111A1A /* Assets.xcassets in Resources */,
				BE6DEF422CAD903A00E64DB8 /* no_reflex2000_float32.tflite in Resources */,
				BEDAD4172C91FC0200111A1A /* Main.storyboard in Resources */,
			);
			runOnlyForDeploymentPostprocessing = 0;
		};
		BEC7B1F52C83790900A8F9DD /* Resources */ = {
			isa = PBXResourcesBuildPhase;
			buildActionMask = 2147483647;
			files = (
				BEDAD4182C91FC0200111A1A /* Main.storyboard in Resources */,
				BE2132442CA85870000530CD /* epoch300_float32.tflite in Resources */,
				BE6DEF412CAD903A00E64DB8 /* no_reflex2000_float32.tflite in Resources */,
				BEDAD4032C90B1A000111A1A /* aigo_model_v1.tflite in Resources */,
				BE84E0602CB2E0D7000FA04C /* museum_logo.png in Resources */,
				BEDAD4132C91FBB800111A1A /* Assets.xcassets in Resources */,
			);
			runOnlyForDeploymentPostprocessing = 0;
		};
		BEC7B1FF2C83790900A8F9DD /* Resources */ = {
			isa = PBXResourcesBuildPhase;
			buildActionMask = 2147483647;
			files = (
				BEDAD4192C91FC0200111A1A /* Main.storyboard in Resources */,
				BE2132452CA85870000530CD /* epoch300_float32.tflite in Resources */,
				BE6DEF402CAD903A00E64DB8 /* no_reflex2000_float32.tflite in Resources */,
				BEDAD4042C90B1A000111A1A /* aigo_model_v1.tflite in Resources */,
				BE84E05F2CB2E0D7000FA04C /* museum_logo.png in Resources */,
				BEDAD4142C91FBB800111A1A /* Assets.xcassets in Resources */,
			);
			runOnlyForDeploymentPostprocessing = 0;
		};
/* End PBXResourcesBuildPhase section */

/* Begin PBXShellScriptBuildPhase section */
		2AFAB2B883D450D7ACF4712A /* [CP] Copy Pods Resources */ = {
			isa = PBXShellScriptBuildPhase;
			buildActionMask = 2147483647;
			files = (
			);
			inputFileListPaths = (
				"${PODS_ROOT}/Target Support Files/Pods-museum_classification-museum_classificationUITests/Pods-museum_classification-museum_classificationUITests-resources-${CONFIGURATION}-input-files.xcfilelist",
			);
			name = "[CP] Copy Pods Resources";
			outputFileListPaths = (
				"${PODS_ROOT}/Target Support Files/Pods-museum_classification-museum_classificationUITests/Pods-museum_classification-museum_classificationUITests-resources-${CONFIGURATION}-output-files.xcfilelist",
			);
			runOnlyForDeploymentPostprocessing = 0;
			shellPath = /bin/sh;
			shellScript = "\"${PODS_ROOT}/Target Support Files/Pods-museum_classification-museum_classificationUITests/Pods-museum_classification-museum_classificationUITests-resources.sh\"\n";
			showEnvVarsInLog = 0;
		};
		33A1C7D8680D5D0E75B9AF54 /* [CP] Check Pods Manifest.lock */ = {
			isa = PBXShellScriptBuildPhase;
			buildActionMask = 2147483647;
			files = (
			);
			inputFileListPaths = (
			);
			inputPaths = (
				"${PODS_PODFILE_DIR_PATH}/Podfile.lock",
				"${PODS_ROOT}/Manifest.lock",
			);
			name = "[CP] Check Pods Manifest.lock";
			outputFileListPaths = (
			);
			outputPaths = (
				"$(DERIVED_FILE_DIR)/Pods-museum_classificationTests-checkManifestLockResult.txt",
			);
			runOnlyForDeploymentPostprocessing = 0;
			shellPath = /bin/sh;
			shellScript = "diff \"${PODS_PODFILE_DIR_PATH}/Podfile.lock\" \"${PODS_ROOT}/Manifest.lock\" > /dev/null\nif [ $? != 0 ] ; then\n    # print error to STDERR\n    echo \"error: The sandbox is not in sync with the Podfile.lock. Run 'pod install' or update your CocoaPods installation.\" >&2\n    exit 1\nfi\n# This output is used by Xcode 'outputs' to avoid re-running this script phase.\necho \"SUCCESS\" > \"${SCRIPT_OUTPUT_FILE_0}\"\n";
			showEnvVarsInLog = 0;
		};
		7811ADDD3360F03BFE239F27 /* [CP] Check Pods Manifest.lock */ = {
			isa = PBXShellScriptBuildPhase;
			buildActionMask = 2147483647;
			files = (
			);
			inputFileListPaths = (
			);
			inputPaths = (
				"${PODS_PODFILE_DIR_PATH}/Podfile.lock",
				"${PODS_ROOT}/Manifest.lock",
			);
			name = "[CP] Check Pods Manifest.lock";
			outputFileListPaths = (
			);
			outputPaths = (
				"$(DERIVED_FILE_DIR)/Pods-museum_classification-museum_classificationUITests-checkManifestLockResult.txt",
			);
			runOnlyForDeploymentPostprocessing = 0;
			shellPath = /bin/sh;
			shellScript = "diff \"${PODS_PODFILE_DIR_PATH}/Podfile.lock\" \"${PODS_ROOT}/Manifest.lock\" > /dev/null\nif [ $? != 0 ] ; then\n    # print error to STDERR\n    echo \"error: The sandbox is not in sync with the Podfile.lock. Run 'pod install' or update your CocoaPods installation.\" >&2\n    exit 1\nfi\n# This output is used by Xcode 'outputs' to avoid re-running this script phase.\necho \"SUCCESS\" > \"${SCRIPT_OUTPUT_FILE_0}\"\n";
			showEnvVarsInLog = 0;
		};
		8FFB11EAC4F8D5F8606B1B4B /* [CP] Copy Pods Resources */ = {
			isa = PBXShellScriptBuildPhase;
			buildActionMask = 2147483647;
			files = (
			);
			inputFileListPaths = (
				"${PODS_ROOT}/Target Support Files/Pods-museum_classification/Pods-museum_classification-resources-${CONFIGURATION}-input-files.xcfilelist",
			);
			name = "[CP] Copy Pods Resources";
			outputFileListPaths = (
				"${PODS_ROOT}/Target Support Files/Pods-museum_classification/Pods-museum_classification-resources-${CONFIGURATION}-output-files.xcfilelist",
			);
			runOnlyForDeploymentPostprocessing = 0;
			shellPath = /bin/sh;
			shellScript = "\"${PODS_ROOT}/Target Support Files/Pods-museum_classification/Pods-museum_classification-resources.sh\"\n";
			showEnvVarsInLog = 0;
		};
		C61F3AA7ED445B7D72C06966 /* [CP] Check Pods Manifest.lock */ = {
			isa = PBXShellScriptBuildPhase;
			buildActionMask = 2147483647;
			files = (
			);
			inputFileListPaths = (
			);
			inputPaths = (
				"${PODS_PODFILE_DIR_PATH}/Podfile.lock",
				"${PODS_ROOT}/Manifest.lock",
			);
			name = "[CP] Check Pods Manifest.lock";
			outputFileListPaths = (
			);
			outputPaths = (
				"$(DERIVED_FILE_DIR)/Pods-museum_classification-checkManifestLockResult.txt",
			);
			runOnlyForDeploymentPostprocessing = 0;
			shellPath = /bin/sh;
			shellScript = "diff \"${PODS_PODFILE_DIR_PATH}/Podfile.lock\" \"${PODS_ROOT}/Manifest.lock\" > /dev/null\nif [ $? != 0 ] ; then\n    # print error to STDERR\n    echo \"error: The sandbox is not in sync with the Podfile.lock. Run 'pod install' or update your CocoaPods installation.\" >&2\n    exit 1\nfi\n# This output is used by Xcode 'outputs' to avoid re-running this script phase.\necho \"SUCCESS\" > \"${SCRIPT_OUTPUT_FILE_0}\"\n";
			showEnvVarsInLog = 0;
		};
/* End PBXShellScriptBuildPhase section */

/* Begin PBXSourcesBuildPhase section */
		BEC7B1E32C83790800A8F9DD /* Sources */ = {
			isa = PBXSourcesBuildPhase;
			buildActionMask = 2147483647;
			files = (
				BEC771892C9B420300758AB2 /* CameraController.swift in Sources */,
				BEC771862C9B41F900758AB2 /* ViewController.swift in Sources */,
				BEC7B1ED2C83790800A8F9DD /* ContentView.swift in Sources */,
				BEDAD3F92C8F670000111A1A /* ImagePicker.swift in Sources */,
				BEC7B1EB2C83790800A8F9DD /* museum_classificationApp.swift in Sources */,
				BEDAD3F52C8F66D700111A1A /* CameraViewModel.swift in Sources */,
			);
			runOnlyForDeploymentPostprocessing = 0;
		};
		BEC7B1F32C83790900A8F9DD /* Sources */ = {
			isa = PBXSourcesBuildPhase;
			buildActionMask = 2147483647;
			files = (
				BEDAD3FA2C8F670000111A1A /* ImagePicker.swift in Sources */,
				BEC7B1FC2C83790900A8F9DD /* museum_classificationTests.swift in Sources */,
				BEC771842C9B41F900758AB2 /* ViewController.swift in Sources */,
				BEDAD3F62C8F66D700111A1A /* CameraViewModel.swift in Sources */,
				BEC7718A2C9B420300758AB2 /* CameraController.swift in Sources */,
			);
			runOnlyForDeploymentPostprocessing = 0;
		};
		BEC7B1FD2C83790900A8F9DD /* Sources */ = {
			isa = PBXSourcesBuildPhase;
			buildActionMask = 2147483647;
			files = (
				BEC771882C9B420300758AB2 /* CameraController.swift in Sources */,
				BEC771852C9B41F900758AB2 /* ViewController.swift in Sources */,
				BEC7B2082C83790900A8F9DD /* museum_classificationUITestsLaunchTests.swift in Sources */,
				BEDAD3FB2C8F670000111A1A /* ImagePicker.swift in Sources */,
				BEC7B2062C83790900A8F9DD /* museum_classificationUITests.swift in Sources */,
				BEDAD3F72C8F66D700111A1A /* CameraViewModel.swift in Sources */,
			);
			runOnlyForDeploymentPostprocessing = 0;
		};
/* End PBXSourcesBuildPhase section */

/* Begin PBXTargetDependency section */
		BEC7B1F92C83790900A8F9DD /* PBXTargetDependency */ = {
			isa = PBXTargetDependency;
			target = BEC7B1E62C83790800A8F9DD /* museum_classification */;
			targetProxy = BEC7B1F82C83790900A8F9DD /* PBXContainerItemProxy */;
		};
		BEC7B2032C83790900A8F9DD /* PBXTargetDependency */ = {
			isa = PBXTargetDependency;
			target = BEC7B1E62C83790800A8F9DD /* museum_classification */;
			targetProxy = BEC7B2022C83790900A8F9DD /* PBXContainerItemProxy */;
		};
/* End PBXTargetDependency section */

/* Begin PBXVariantGroup section */
		BEDAD4152C91FC0200111A1A /* Main.storyboard */ = {
			isa = PBXVariantGroup;
			children = (
				BEDAD4162C91FC0200111A1A /* Base */,
			);
			name = Main.storyboard;
			sourceTree = "<group>";
		};
/* End PBXVariantGroup section */

/* Begin XCBuildConfiguration section */
		BEC7B2092C83790900A8F9DD /* Debug */ = {
			isa = XCBuildConfiguration;
			buildSettings = {
				ALWAYS_SEARCH_USER_PATHS = NO;
				ASSETCATALOG_COMPILER_GENERATE_SWIFT_ASSET_SYMBOL_EXTENSIONS = YES;
				CLANG_ANALYZER_NONNULL = YES;
				CLANG_ANALYZER_NUMBER_OBJECT_CONVERSION = YES_AGGRESSIVE;
				CLANG_CXX_LANGUAGE_STANDARD = "gnu++20";
				CLANG_ENABLE_MODULES = YES;
				CLANG_ENABLE_OBJC_ARC = YES;
				CLANG_ENABLE_OBJC_WEAK = YES;
				CLANG_WARN_BLOCK_CAPTURE_AUTORELEASING = YES;
				CLANG_WARN_BOOL_CONVERSION = YES;
				CLANG_WARN_COMMA = YES;
				CLANG_WARN_CONSTANT_CONVERSION = YES;
				CLANG_WARN_DEPRECATED_OBJC_IMPLEMENTATIONS = YES;
				CLANG_WARN_DIRECT_OBJC_ISA_USAGE = YES_ERROR;
				CLANG_WARN_DOCUMENTATION_COMMENTS = YES;
				CLANG_WARN_EMPTY_BODY = YES;
				CLANG_WARN_ENUM_CONVERSION = YES;
				CLANG_WARN_INFINITE_RECURSION = YES;
				CLANG_WARN_INT_CONVERSION = YES;
				CLANG_WARN_NON_LITERAL_NULL_CONVERSION = YES;
				CLANG_WARN_OBJC_IMPLICIT_RETAIN_SELF = YES;
				CLANG_WARN_OBJC_LITERAL_CONVERSION = YES;
				CLANG_WARN_OBJC_ROOT_CLASS = YES_ERROR;
				CLANG_WARN_QUOTED_INCLUDE_IN_FRAMEWORK_HEADER = YES;
				CLANG_WARN_RANGE_LOOP_ANALYSIS = YES;
				CLANG_WARN_STRICT_PROTOTYPES = YES;
				CLANG_WARN_SUSPICIOUS_MOVE = YES;
				CLANG_WARN_UNGUARDED_AVAILABILITY = YES_AGGRESSIVE;
				CLANG_WARN_UNREACHABLE_CODE = YES;
				CLANG_WARN__DUPLICATE_METHOD_MATCH = YES;
				COPY_PHASE_STRIP = NO;
				DEBUG_INFORMATION_FORMAT = dwarf;
				ENABLE_STRICT_OBJC_MSGSEND = YES;
				ENABLE_TESTABILITY = YES;
				ENABLE_USER_SCRIPT_SANDBOXING = NO;
				GCC_C_LANGUAGE_STANDARD = gnu17;
				GCC_DYNAMIC_NO_PIC = NO;
				GCC_NO_COMMON_BLOCKS = YES;
				GCC_OPTIMIZATION_LEVEL = 0;
				GCC_PREPROCESSOR_DEFINITIONS = (
					"DEBUG=1",
					"$(inherited)",
				);
				GCC_WARN_64_TO_32_BIT_CONVERSION = YES;
				GCC_WARN_ABOUT_RETURN_TYPE = YES_ERROR;
				GCC_WARN_UNDECLARED_SELECTOR = YES;
				GCC_WARN_UNINITIALIZED_AUTOS = YES_AGGRESSIVE;
				GCC_WARN_UNUSED_FUNCTION = YES;
				GCC_WARN_UNUSED_VARIABLE = YES;
				INFOPLIST_KEY_NSCameraUsageDescription = "$(This app needs camera to take photos for classification.)";
				INFOPLIST_KEY_NSPhotoLibraryUsageDescription = "$(This app needs photo library to store results.)";
				IPHONEOS_DEPLOYMENT_TARGET = 17.5;
				LOCALIZATION_PREFERS_STRING_CATALOGS = YES;
				MTL_ENABLE_DEBUG_INFO = INCLUDE_SOURCE;
				MTL_FAST_MATH = YES;
				ONLY_ACTIVE_ARCH = YES;
				SDKROOT = iphoneos;
				SWIFT_ACTIVE_COMPILATION_CONDITIONS = "DEBUG $(inherited)";
				SWIFT_OPTIMIZATION_LEVEL = "-Onone";
			};
			name = Debug;
		};
		BEC7B20A2C83790900A8F9DD /* Release */ = {
			isa = XCBuildConfiguration;
			buildSettings = {
				ALWAYS_SEARCH_USER_PATHS = NO;
				ASSETCATALOG_COMPILER_GENERATE_SWIFT_ASSET_SYMBOL_EXTENSIONS = YES;
				CLANG_ANALYZER_NONNULL = YES;
				CLANG_ANALYZER_NUMBER_OBJECT_CONVERSION = YES_AGGRESSIVE;
				CLANG_CXX_LANGUAGE_STANDARD = "gnu++20";
				CLANG_ENABLE_MODULES = YES;
				CLANG_ENABLE_OBJC_ARC = YES;
				CLANG_ENABLE_OBJC_WEAK = YES;
				CLANG_WARN_BLOCK_CAPTURE_AUTORELEASING = YES;
				CLANG_WARN_BOOL_CONVERSION = YES;
				CLANG_WARN_COMMA = YES;
				CLANG_WARN_CONSTANT_CONVERSION = YES;
				CLANG_WARN_DEPRECATED_OBJC_IMPLEMENTATIONS = YES;
				CLANG_WARN_DIRECT_OBJC_ISA_USAGE = YES_ERROR;
				CLANG_WARN_DOCUMENTATION_COMMENTS = YES;
				CLANG_WARN_EMPTY_BODY = YES;
				CLANG_WARN_ENUM_CONVERSION = YES;
				CLANG_WARN_INFINITE_RECURSION = YES;
				CLANG_WARN_INT_CONVERSION = YES;
				CLANG_WARN_NON_LITERAL_NULL_CONVERSION = YES;
				CLANG_WARN_OBJC_IMPLICIT_RETAIN_SELF = YES;
				CLANG_WARN_OBJC_LITERAL_CONVERSION = YES;
				CLANG_WARN_OBJC_ROOT_CLASS = YES_ERROR;
				CLANG_WARN_QUOTED_INCLUDE_IN_FRAMEWORK_HEADER = YES;
				CLANG_WARN_RANGE_LOOP_ANALYSIS = YES;
				CLANG_WARN_STRICT_PROTOTYPES = YES;
				CLANG_WARN_SUSPICIOUS_MOVE = YES;
				CLANG_WARN_UNGUARDED_AVAILABILITY = YES_AGGRESSIVE;
				CLANG_WARN_UNREACHABLE_CODE = YES;
				CLANG_WARN__DUPLICATE_METHOD_MATCH = YES;
				COPY_PHASE_STRIP = NO;
				DEBUG_INFORMATION_FORMAT = "dwarf-with-dsym";
				ENABLE_NS_ASSERTIONS = NO;
				ENABLE_STRICT_OBJC_MSGSEND = YES;
				ENABLE_USER_SCRIPT_SANDBOXING = NO;
				GCC_C_LANGUAGE_STANDARD = gnu17;
				GCC_NO_COMMON_BLOCKS = YES;
				GCC_WARN_64_TO_32_BIT_CONVERSION = YES;
				GCC_WARN_ABOUT_RETURN_TYPE = YES_ERROR;
				GCC_WARN_UNDECLARED_SELECTOR = YES;
				GCC_WARN_UNINITIALIZED_AUTOS = YES_AGGRESSIVE;
				GCC_WARN_UNUSED_FUNCTION = YES;
				GCC_WARN_UNUSED_VARIABLE = YES;
				INFOPLIST_KEY_NSCameraUsageDescription = "$(This app needs camera to take photos for classification.)";
				INFOPLIST_KEY_NSPhotoLibraryUsageDescription = "$(This app needs photo library to store results.)";
				IPHONEOS_DEPLOYMENT_TARGET = 17.5;
				LOCALIZATION_PREFERS_STRING_CATALOGS = YES;
				MTL_ENABLE_DEBUG_INFO = NO;
				MTL_FAST_MATH = YES;
				SDKROOT = iphoneos;
				SWIFT_COMPILATION_MODE = wholemodule;
				VALIDATE_PRODUCT = YES;
			};
			name = Release;
		};
		BEC7B20C2C83790900A8F9DD /* Debug */ = {
			isa = XCBuildConfiguration;
			baseConfigurationReference = 7E4E91DCD7C5185239CA27D9 /* Pods-museum_classification.debug.xcconfig */;
			buildSettings = {
				ASSETCATALOG_COMPILER_APPICON_NAME = AppIcon;
				ASSETCATALOG_COMPILER_GLOBAL_ACCENT_COLOR_NAME = AccentColor;
				CODE_SIGN_STYLE = Automatic;
				CURRENT_PROJECT_VERSION = 1;
				DEVELOPMENT_ASSET_PATHS = "\"museum_classification/Preview Content\"";
				DEVELOPMENT_TEAM = 8WZ234LL8R;
				ENABLE_PREVIEWS = YES;
				GENERATE_INFOPLIST_FILE = YES;
				INFOPLIST_KEY_UIApplicationSceneManifest_Generation = YES;
				INFOPLIST_KEY_UIApplicationSupportsIndirectInputEvents = YES;
				INFOPLIST_KEY_UILaunchScreen_Generation = YES;
				INFOPLIST_KEY_UISupportedInterfaceOrientations_iPad = "UIInterfaceOrientationPortrait UIInterfaceOrientationPortraitUpsideDown UIInterfaceOrientationLandscapeLeft UIInterfaceOrientationLandscapeRight";
				INFOPLIST_KEY_UISupportedInterfaceOrientations_iPhone = "UIInterfaceOrientationPortrait UIInterfaceOrientationLandscapeLeft UIInterfaceOrientationLandscapeRight";
				LD_RUNPATH_SEARCH_PATHS = (
					"$(inherited)",
					"@executable_path/Frameworks",
				);
				MARKETING_VERSION = 1.0;
				PRODUCT_BUNDLE_IDENTIFIER = "vicky.museum-classification";
				PRODUCT_NAME = "$(TARGET_NAME)";
				SWIFT_EMIT_LOC_STRINGS = YES;
				SWIFT_VERSION = 5.0;
				TARGETED_DEVICE_FAMILY = "1,2";
			};
			name = Debug;
		};
		BEC7B20D2C83790900A8F9DD /* Release */ = {
			isa = XCBuildConfiguration;
			baseConfigurationReference = BE7038BC26E90AC60C992A25 /* Pods-museum_classification.release.xcconfig */;
			buildSettings = {
				ASSETCATALOG_COMPILER_APPICON_NAME = AppIcon;
				ASSETCATALOG_COMPILER_GLOBAL_ACCENT_COLOR_NAME = AccentColor;
				CODE_SIGN_STYLE = Automatic;
				CURRENT_PROJECT_VERSION = 1;
				DEVELOPMENT_ASSET_PATHS = "\"museum_classification/Preview Content\"";
				DEVELOPMENT_TEAM = 8WZ234LL8R;
				ENABLE_PREVIEWS = YES;
				GENERATE_INFOPLIST_FILE = YES;
				INFOPLIST_KEY_UIApplicationSceneManifest_Generation = YES;
				INFOPLIST_KEY_UIApplicationSupportsIndirectInputEvents = YES;
				INFOPLIST_KEY_UILaunchScreen_Generation = YES;
				INFOPLIST_KEY_UISupportedInterfaceOrientations_iPad = "UIInterfaceOrientationPortrait UIInterfaceOrientationPortraitUpsideDown UIInterfaceOrientationLandscapeLeft UIInterfaceOrientationLandscapeRight";
				INFOPLIST_KEY_UISupportedInterfaceOrientations_iPhone = "UIInterfaceOrientationPortrait UIInterfaceOrientationLandscapeLeft UIInterfaceOrientationLandscapeRight";
				LD_RUNPATH_SEARCH_PATHS = (
					"$(inherited)",
					"@executable_path/Frameworks",
				);
				MARKETING_VERSION = 1.0;
				PRODUCT_BUNDLE_IDENTIFIER = "vicky.museum-classification";
				PRODUCT_NAME = "$(TARGET_NAME)";
				SWIFT_EMIT_LOC_STRINGS = YES;
				SWIFT_VERSION = 5.0;
				TARGETED_DEVICE_FAMILY = "1,2";
			};
			name = Release;
		};
		BEC7B20F2C83790900A8F9DD /* Debug */ = {
			isa = XCBuildConfiguration;
			baseConfigurationReference = B26AA08603DBF60576A69034 /* Pods-museum_classificationTests.debug.xcconfig */;
			buildSettings = {
				BUNDLE_LOADER = "$(TEST_HOST)";
				CODE_SIGN_STYLE = Automatic;
				CURRENT_PROJECT_VERSION = 1;
				DEVELOPMENT_TEAM = 8WZ234LL8R;
				GENERATE_INFOPLIST_FILE = YES;
				INFOPLIST_KEY_NSCameraUsageDescription = "This app needs camera to take photo for classification.";
				IPHONEOS_DEPLOYMENT_TARGET = 17.5;
				MARKETING_VERSION = 1.0;
				PRODUCT_BUNDLE_IDENTIFIER = "vicky.museum-classificationTests";
				PRODUCT_NAME = "$(TARGET_NAME)";
				SWIFT_EMIT_LOC_STRINGS = NO;
				SWIFT_VERSION = 5.0;
				TARGETED_DEVICE_FAMILY = "1,2";
				TEST_HOST = "$(BUILT_PRODUCTS_DIR)/museum_classification.app/$(BUNDLE_EXECUTABLE_FOLDER_PATH)/museum_classification";
			};
			name = Debug;
		};
		BEC7B2102C83790900A8F9DD /* Release */ = {
			isa = XCBuildConfiguration;
			baseConfigurationReference = 3D3E2F18D4457DCBF14E2ACD /* Pods-museum_classificationTests.release.xcconfig */;
			buildSettings = {
				BUNDLE_LOADER = "$(TEST_HOST)";
				CODE_SIGN_STYLE = Automatic;
				CURRENT_PROJECT_VERSION = 1;
				DEVELOPMENT_TEAM = 8WZ234LL8R;
				GENERATE_INFOPLIST_FILE = YES;
				INFOPLIST_KEY_NSCameraUsageDescription = "This app needs camera to take photo for classification.";
				IPHONEOS_DEPLOYMENT_TARGET = 17.5;
				MARKETING_VERSION = 1.0;
				PRODUCT_BUNDLE_IDENTIFIER = "vicky.museum-classificationTests";
				PRODUCT_NAME = "$(TARGET_NAME)";
				SWIFT_EMIT_LOC_STRINGS = NO;
				SWIFT_VERSION = 5.0;
				TARGETED_DEVICE_FAMILY = "1,2";
				TEST_HOST = "$(BUILT_PRODUCTS_DIR)/museum_classification.app/$(BUNDLE_EXECUTABLE_FOLDER_PATH)/museum_classification";
			};
			name = Release;
		};
		BEC7B2122C83790900A8F9DD /* Debug */ = {
			isa = XCBuildConfiguration;
			baseConfigurationReference = C9F78988FE1AA52D0AEC72E2 /* Pods-museum_classification-museum_classificationUITests.debug.xcconfig */;
			buildSettings = {
				CODE_SIGN_STYLE = Automatic;
				CURRENT_PROJECT_VERSION = 1;
				DEVELOPMENT_TEAM = 8WZ234LL8R;
				GENERATE_INFOPLIST_FILE = YES;
				INFOPLIST_KEY_NSCameraUsageDescription = "$(This app needs camera to take photos for classification.)";
				INFOPLIST_KEY_NSPhotoLibraryUsageDescription = "$(This app needs photo library to store results.)";
				MARKETING_VERSION = 1.0;
				PRODUCT_BUNDLE_IDENTIFIER = "vicky.museum-classificationUITests";
				PRODUCT_NAME = "$(TARGET_NAME)";
				SWIFT_EMIT_LOC_STRINGS = NO;
				SWIFT_VERSION = 5.0;
				TARGETED_DEVICE_FAMILY = "1,2";
				TEST_TARGET_NAME = museum_classification;
			};
			name = Debug;
		};
		BEC7B2132C83790900A8F9DD /* Release */ = {
			isa = XCBuildConfiguration;
			baseConfigurationReference = 8D2469CB056F4E594BA671C0 /* Pods-museum_classification-museum_classificationUITests.release.xcconfig */;
			buildSettings = {
				CODE_SIGN_STYLE = Automatic;
				CURRENT_PROJECT_VERSION = 1;
				DEVELOPMENT_TEAM = 8WZ234LL8R;
				GENERATE_INFOPLIST_FILE = YES;
				INFOPLIST_KEY_NSCameraUsageDescription = "$(This app needs camera to take photos for classification.)";
				INFOPLIST_KEY_NSPhotoLibraryUsageDescription = "$(This app needs photo library to store results.)";
				MARKETING_VERSION = 1.0;
				PRODUCT_BUNDLE_IDENTIFIER = "vicky.museum-classificationUITests";
				PRODUCT_NAME = "$(TARGET_NAME)";
				SWIFT_EMIT_LOC_STRINGS = NO;
				SWIFT_VERSION = 5.0;
				TARGETED_DEVICE_FAMILY = "1,2";
				TEST_TARGET_NAME = museum_classification;
			};
			name = Release;
		};
/* End XCBuildConfiguration section */

/* Begin XCConfigurationList section */
		BEC7B1E22C83790800A8F9DD /* Build configuration list for PBXProject "museum_classification" */ = {
			isa = XCConfigurationList;
			buildConfigurations = (
				BEC7B2092C83790900A8F9DD /* Debug */,
				BEC7B20A2C83790900A8F9DD /* Release */,
			);
			defaultConfigurationIsVisible = 0;
			defaultConfigurationName = Release;
		};
		BEC7B20B2C83790900A8F9DD /* Build configuration list for PBXNativeTarget "museum_classification" */ = {
			isa = XCConfigurationList;
			buildConfigurations = (
				BEC7B20C2C83790900A8F9DD /* Debug */,
				BEC7B20D2C83790900A8F9DD /* Release */,
			);
			defaultConfigurationIsVisible = 0;
			defaultConfigurationName = Release;
		};
		BEC7B20E2C83790900A8F9DD /* Build configuration list for PBXNativeTarget "museum_classificationTests" */ = {
			isa = XCConfigurationList;
			buildConfigurations = (
				BEC7B20F2C83790900A8F9DD /* Debug */,
				BEC7B2102C83790900A8F9DD /* Release */,
			);
			defaultConfigurationIsVisible = 0;
			defaultConfigurationName = Release;
		};
		BEC7B2112C83790900A8F9DD /* Build configuration list for PBXNativeTarget "museum_classificationUITests" */ = {
			isa = XCConfigurationList;
			buildConfigurations = (
				BEC7B2122C83790900A8F9DD /* Debug */,
				BEC7B2132C83790900A8F9DD /* Release */,
			);
			defaultConfigurationIsVisible = 0;
			defaultConfigurationName = Release;
		};
/* End XCConfigurationList section */
	};
	rootObject = BEC7B1DF2C83790800A8F9DD /* Project object */;
}
